# This file is automatically @generated by Poetry 2.1.2 and should not be changed by hand.

[[package]]
name = "bleak"
version = "0.22.3"
description = "Bluetooth Low Energy platform Agnostic Klient"
optional = false
python-versions = "<3.14,>=3.8"
groups = ["main"]
files = [
    {file = "bleak-0.22.3-py3-none-any.whl", hash = "sha256:1e62a9f5e0c184826e6c906e341d8aca53793e4596eeaf4e0b191e7aca5c461c"},
    {file = "bleak-0.22.3.tar.gz", hash = "sha256:3149c3c19657e457727aa53d9d6aeb89658495822cd240afd8aeca4dd09c045c"},
]

[package.dependencies]
dbus-fast = {version = ">=1.83.0,<3", markers = "platform_system == \"Linux\""}
pyobjc-core = {version = ">=10.3,<11.0", markers = "platform_system == \"Darwin\""}
pyobjc-framework-CoreBluetooth = {version = ">=10.3,<11.0", markers = "platform_system == \"Darwin\""}
pyobjc-framework-libdispatch = {version = ">=10.3,<11.0", markers = "platform_system == \"Darwin\""}
winrt-runtime = {version = ">=2,<3", markers = "platform_system == \"Windows\" and python_version >= \"3.12\""}
"winrt-Windows.Devices.Bluetooth" = {version = ">=2,<3", markers = "platform_system == \"Windows\" and python_version >= \"3.12\""}
"winrt-Windows.Devices.Bluetooth.Advertisement" = {version = ">=2,<3", markers = "platform_system == \"Windows\" and python_version >= \"3.12\""}
"winrt-Windows.Devices.Bluetooth.GenericAttributeProfile" = {version = ">=2,<3", markers = "platform_system == \"Windows\" and python_version >= \"3.12\""}
"winrt-Windows.Devices.Enumeration" = {version = ">=2,<3", markers = "platform_system == \"Windows\" and python_version >= \"3.12\""}
"winrt-Windows.Foundation" = {version = ">=2,<3", markers = "platform_system == \"Windows\" and python_version >= \"3.12\""}
"winrt-Windows.Foundation.Collections" = {version = ">=2,<3", markers = "platform_system == \"Windows\" and python_version >= \"3.12\""}
"winrt-Windows.Storage.Streams" = {version = ">=2,<3", markers = "platform_system == \"Windows\" and python_version >= \"3.12\""}

[[package]]
name = "click"
version = "8.1.8"
description = "Composable command line interface toolkit"
optional = false
python-versions = ">=3.7"
groups = ["main"]
files = [
    {file = "click-8.1.8-py3-none-any.whl", hash = "sha256:63c132bbbed01578a06712a2d1f497bb62d9c1c0d329b7903a866228027263b2"},
    {file = "click-8.1.8.tar.gz", hash = "sha256:ed53c9d8990d83c2a27deae68e4ee337473f6330c040a31d4225c9574d16096a"},
]

[package.dependencies]
colorama = {version = "*", markers = "platform_system == \"Windows\""}

[[package]]
name = "colorama"
version = "0.4.6"
description = "Cross-platform colored terminal text."
optional = false
python-versions = "!=3.0.*,!=3.1.*,!=3.2.*,!=3.3.*,!=3.4.*,!=3.5.*,!=3.6.*,>=2.7"
groups = ["main"]
markers = "platform_system == \"Windows\""
files = [
    {file = "colorama-0.4.6-py2.py3-none-any.whl", hash = "sha256:4f1d9991f5acc0ca119f9d443620b77f9d6b33703e51011c16baf57afb285fc6"},
    {file = "colorama-0.4.6.tar.gz", hash = "sha256:08695f5cb7ed6e0531a20572697297273c47b8cae5a63ffc6d6ed5c201be6e44"},
]

[[package]]
name = "dbus-fast"
version = "2.44.1"
description = "A faster version of dbus-next"
optional = false
python-versions = ">=3.9"
groups = ["main"]
markers = "platform_system == \"Linux\""
files = [
    {file = "dbus_fast-2.44.1-cp310-cp310-macosx_11_0_arm64.whl", hash = "sha256:c78a004ba43aeaf203a19169d2b4be238375905645999da30cb0da730df80cf2"},
    {file = "dbus_fast-2.44.1-cp310-cp310-manylinux_2_17_aarch64.manylinux2014_aarch64.whl", hash = "sha256:65a634286651398f3f1326e8200fc54289d52c2c00249d29cacfc691660a5da1"},
    {file = "dbus_fast-2.44.1-cp310-cp310-manylinux_2_17_i686.manylinux_2_5_i686.manylinux1_i686.manylinux2014_i686.whl", hash = "sha256:0c4a128f8b29941307fc5722f37a1bb87ddcf733188d917ab374d9da0c6e1ce7"},
    {file = "dbus_fast-2.44.1-cp310-cp310-manylinux_2_17_x86_64.manylinux2014_x86_64.whl", hash = "sha256:adaf459fbce22a63d3578f3ec782c6978edf975eb06d71fb5b7a690496cf6bbe"},
    {file = "dbus_fast-2.44.1-cp310-cp310-musllinux_1_2_aarch64.whl", hash = "sha256:de871cf722c436bdcceb96b2a3af7084e1fa468f7916ae278ec8ec49a6fa7eef"},
    {file = "dbus_fast-2.44.1-cp310-cp310-musllinux_1_2_i686.whl", hash = "sha256:b40863de172031bcc02f54c6f05cccb0b882dc2e1b09e11314a8ccf38c558760"},
    {file = "dbus_fast-2.44.1-cp310-cp310-musllinux_1_2_x86_64.whl", hash = "sha256:8b7ae16555df6b56d3befcc51e036779ef47c0e954fdb9fb0821ac25212aefe9"},
    {file = "dbus_fast-2.44.1-cp311-cp311-macosx_11_0_arm64.whl", hash = "sha256:a220a28e88062a2548f0c6da9eb15fb7e3af70eae56729fc3795ce3e3fba057d"},
    {file = "dbus_fast-2.44.1-cp311-cp311-manylinux_2_17_aarch64.manylinux2014_aarch64.whl", hash = "sha256:4ec5db912bd4cfeadf7134163d6dde684271cd44cf26e3b4720107f3de406623"},
    {file = "dbus_fast-2.44.1-cp311-cp311-manylinux_2_17_i686.manylinux_2_5_i686.manylinux1_i686.manylinux2014_i686.whl", hash = "sha256:6ad99f626837753b39a39e09facd2091ee4851ee1eb6ebec5fa9a9a231734254"},
    {file = "dbus_fast-2.44.1-cp311-cp311-manylinux_2_17_x86_64.manylinux2014_x86_64.whl", hash = "sha256:f7aa157f689a114bfb5367c55884d35e25d57cf25202a6590ce05010f929e7df"},
    {file = "dbus_fast-2.44.1-cp311-cp311-musllinux_1_2_aarch64.whl", hash = "sha256:f961d8bcad80359f24c0156b3094f58a87d583d56139ee50922fe5894b6797cf"},
    {file = "dbus_fast-2.44.1-cp311-cp311-musllinux_1_2_i686.whl", hash = "sha256:1f38fb5c31846c3ada8fc2b693d8d19953d376a9ea21079e3686e93faa1f8a0f"},
    {file = "dbus_fast-2.44.1-cp311-cp311-musllinux_1_2_x86_64.whl", hash = "sha256:35e3cde53cc9180ce95c6c84a1e8d1ded429031e4a0a182606e8d22cf57d3294"},
    {file = "dbus_fast-2.44.1-cp312-cp312-macosx_11_0_arm64.whl", hash = "sha256:f3f30fb09f1ea13658fb4316511e27d6b94f8363b16f2d093efe73e6e289b740"},
    {file = "dbus_fast-2.44.1-cp312-cp312-manylinux_2_17_aarch64.manylinux2014_aarch64.whl", hash = "sha256:3dd0f8d41f6ab9d4a782c116470bc319d690f9b50c97b6debc6d1fef08e4615a"},
    {file = "dbus_fast-2.44.1-cp312-cp312-manylinux_2_17_i686.manylinux_2_5_i686.manylinux1_i686.manylinux2014_i686.whl", hash = "sha256:9d6e386658343db380b9e4e81b3bf4e3c17135dbb5889173b1f2582b675b9a8c"},
    {file = "dbus_fast-2.44.1-cp312-cp312-manylinux_2_17_x86_64.manylinux2014_x86_64.whl", hash = "sha256:3bd27563c11219b6fde7a5458141d860d8445c2defb036bab360d1f9bf1dfae0"},
    {file = "dbus_fast-2.44.1-cp312-cp312-musllinux_1_2_aarch64.whl", hash = "sha256:0272784aceac821dd63c8187a8860179061a850269617ff5c5bd25ca37bf9307"},
    {file = "dbus_fast-2.44.1-cp312-cp312-musllinux_1_2_i686.whl", hash = "sha256:eed613a909a45f0e0a415c88b373024f007a9be56b1316812ed616d69a3b9161"},
    {file = "dbus_fast-2.44.1-cp312-cp312-musllinux_1_2_x86_64.whl", hash = "sha256:0d4288f2cba4f8309dcfd9f4392e0f4f2b5be6c796dfdb0c5e03228b1ab649b1"},
    {file = "dbus_fast-2.44.1-cp313-cp313-macosx_11_0_arm64.whl", hash = "sha256:50a9a4c6921f4b7446717fb4869750f54b561ce486b25b36550cb2a910c988d9"},
    {file = "dbus_fast-2.44.1-cp313-cp313-manylinux_2_17_aarch64.manylinux2014_aarch64.whl", hash = "sha256:89dc5db158bf9838979f732acc39e0e1ecd7e3295a09fa8adb93b09c097615a4"},
    {file = "dbus_fast-2.44.1-cp313-cp313-manylinux_2_17_i686.manylinux_2_5_i686.manylinux1_i686.manylinux2014_i686.whl", hash = "sha256:f11878c0c089d278861e48c02db8002496c2233b0f605b5630ef61f0b7fb0ea3"},
    {file = "dbus_fast-2.44.1-cp313-cp313-manylinux_2_17_x86_64.manylinux2014_x86_64.whl", hash = "sha256:afd81f483b3ffb71e88478cfabccc1fab8d7154fccb1c661bfafcff9b0cfd996"},
    {file = "dbus_fast-2.44.1-cp313-cp313-manylinux_2_36_x86_64.whl", hash = "sha256:ad499de96a991287232749c98a59f2436ed260f6fd9ad4cb3b04a4b1bbbef148"},
    {file = "dbus_fast-2.44.1-cp313-cp313-musllinux_1_2_aarch64.whl", hash = "sha256:36c44286b11e83977cd29f9551b66b446bb6890dff04585852d975aa3a038ca2"},
    {file = "dbus_fast-2.44.1-cp313-cp313-musllinux_1_2_i686.whl", hash = "sha256:89f2f6eccbb0e464b90e5a8741deb9d6a91873eeb41a8c7b963962b39eb1e0cd"},
    {file = "dbus_fast-2.44.1-cp313-cp313-musllinux_1_2_x86_64.whl", hash = "sha256:bb74a227b071e1a7c517bf3a3e4a5a0a2660620084162e74f15010075534c9d5"},
    {file = "dbus_fast-2.44.1-cp39-cp39-macosx_11_0_arm64.whl", hash = "sha256:5e3719399e687359b0ef66af1b720661dd4f12059db1c4f506e678569a2256b4"},
    {file = "dbus_fast-2.44.1-cp39-cp39-manylinux_2_17_aarch64.manylinux2014_aarch64.whl", hash = "sha256:806450623ef3f8df846524da7e448edc8174261a01cfd5dfda92e3df89c0de10"},
    {file = "dbus_fast-2.44.1-cp39-cp39-manylinux_2_17_i686.manylinux_2_5_i686.manylinux1_i686.manylinux2014_i686.whl", hash = "sha256:55ad499b7ef08cb76fce9c9fdcdd6589d2ebfc7e53b3d261d8f40c6d97a8d901"},
    {file = "dbus_fast-2.44.1-cp39-cp39-manylinux_2_17_x86_64.manylinux2014_x86_64.whl", hash = "sha256:55d717865219ec2ae9977b6d067c05261cdc3ef6205c687c8bb92b3437886e58"},
    {file = "dbus_fast-2.44.1-cp39-cp39-musllinux_1_2_aarch64.whl", hash = "sha256:39d4cc61e491e11912f76d70cc1c47387ab4f2e5b71f34bfa13eb11aa6026268"},
    {file = "dbus_fast-2.44.1-cp39-cp39-musllinux_1_2_i686.whl", hash = "sha256:9b3b10151f1140f7b6dd47a89fc37edd05d6213be0a1748eadba82fc144c05c2"},
    {file = "dbus_fast-2.44.1-cp39-cp39-musllinux_1_2_x86_64.whl", hash = "sha256:33772c223f5cef1bacc298e83dc04b27b3a47065b245fde766fcc126e761dca7"},
    {file = "dbus_fast-2.44.1-pp310-pypy310_pp73-macosx_11_0_arm64.whl", hash = "sha256:80e3f42f982af45bcfa0ff23e808f3aa54a45fe4bf43aadd3beb5ace816fba76"},
    {file = "dbus_fast-2.44.1-pp310-pypy310_pp73-manylinux_2_17_aarch64.manylinux2014_aarch64.whl", hash = "sha256:f29a81d86c9ce3020a5df8c1e5557edaa00e1e00c9804ec874d46c99d967a686"},
    {file = "dbus_fast-2.44.1-pp310-pypy310_pp73-manylinux_2_17_i686.manylinux_2_5_i686.manylinux1_i686.manylinux2014_i686.whl", hash = "sha256:5dec134715457601c0fa8df3040a56d319de1a152464ae4d4bfc53bbb5c02e04"},
    {file = "dbus_fast-2.44.1-pp310-pypy310_pp73-manylinux_2_17_x86_64.manylinux_2_5_x86_64.manylinux1_x86_64.manylinux2014_x86_64.whl", hash = "sha256:893509b516f2f24b4e3f09a6b1f3a30f856cf237cd773cdc505ea7ab4fa3c863"},
    {file = "dbus_fast-2.44.1-pp39-pypy39_pp73-macosx_11_0_arm64.whl", hash = "sha256:db81275d708774f6a17c89f2e063398c0deb358c4d22b663a3dd99861f6683a4"},
    {file = "dbus_fast-2.44.1-pp39-pypy39_pp73-manylinux_2_17_aarch64.manylinux2014_aarch64.whl", hash = "sha256:161a3e6fc8783c30c9feb072e09604d96ec0c465b06bd35b6acc1a0316bd2a27"},
    {file = "dbus_fast-2.44.1-pp39-pypy39_pp73-manylinux_2_17_i686.manylinux_2_5_i686.manylinux1_i686.manylinux2014_i686.whl", hash = "sha256:67febe6454e714d85a532bd84969001ed948bbaf1699a7e1e4c6abb5508c9522"},
    {file = "dbus_fast-2.44.1-pp39-pypy39_pp73-manylinux_2_17_x86_64.manylinux_2_5_x86_64.manylinux1_x86_64.manylinux2014_x86_64.whl", hash = "sha256:890f0fc046d5db66524ddedeca8c14b65739fbbf32d6488175c07428362bf250"},
    {file = "dbus_fast-2.44.1.tar.gz", hash = "sha256:b027e96c39ed5622bb54d811dcdbbe9d9d6edec3454808a85a1ceb1867d9e25c"},
]

[[package]]
name = "markdown-it-py"
version = "3.0.0"
description = "Python port of markdown-it. Markdown parsing, done right!"
optional = false
python-versions = ">=3.8"
groups = ["main"]
files = [
    {file = "markdown-it-py-3.0.0.tar.gz", hash = "sha256:e3f60a94fa066dc52ec76661e37c851cb232d92f9886b15cb560aaada2df8feb"},
    {file = "markdown_it_py-3.0.0-py3-none-any.whl", hash = "sha256:355216845c60bd96232cd8d8c40e8f9765cc86f46880e43a8fd22dc1a1a8cab1"},
]

[package.dependencies]
mdurl = ">=0.1,<1.0"

[package.extras]
benchmarking = ["psutil", "pytest", "pytest-benchmark"]
code-style = ["pre-commit (>=3.0,<4.0)"]
compare = ["commonmark (>=0.9,<1.0)", "markdown (>=3.4,<4.0)", "mistletoe (>=1.0,<2.0)", "mistune (>=2.0,<3.0)", "panflute (>=2.3,<3.0)"]
linkify = ["linkify-it-py (>=1,<3)"]
plugins = ["mdit-py-plugins"]
profiling = ["gprof2dot"]
rtd = ["jupyter_sphinx", "mdit-py-plugins", "myst-parser", "pyyaml", "sphinx", "sphinx-copybutton", "sphinx-design", "sphinx_book_theme"]
testing = ["coverage", "pytest", "pytest-cov", "pytest-regressions"]

[[package]]
name = "mdurl"
version = "0.1.2"
description = "Markdown URL utilities"
optional = false
python-versions = ">=3.7"
groups = ["main"]
files = [
    {file = "mdurl-0.1.2-py3-none-any.whl", hash = "sha256:84008a41e51615a49fc9966191ff91509e3c40b939176e643fd50a5c2196b8f8"},
    {file = "mdurl-0.1.2.tar.gz", hash = "sha256:bb413d29f5eea38f31dd4754dd7377d4465116fb207585f97bf925588687c1ba"},
]

[[package]]
name = "pygments"
version = "2.19.1"
description = "Pygments is a syntax highlighting package written in Python."
optional = false
python-versions = ">=3.8"
groups = ["main"]
files = [
    {file = "pygments-2.19.1-py3-none-any.whl", hash = "sha256:9ea1544ad55cecf4b8242fab6dd35a93bbce657034b0611ee383099054ab6d8c"},
    {file = "pygments-2.19.1.tar.gz", hash = "sha256:61c16d2a8576dc0649d9f39e089b5f02bcd27fba10d8fb4dcc28173f7a45151f"},
]

[package.extras]
windows-terminal = ["colorama (>=0.4.6)"]

[[package]]
name = "pyobjc-core"
version = "10.3.2"
description = "Python<->ObjC Interoperability Module"
optional = false
python-versions = ">=3.8"
groups = ["main"]
markers = "platform_system == \"Darwin\""
files = [
    {file = "pyobjc_core-10.3.2-cp310-cp310-macosx_10_9_universal2.whl", hash = "sha256:acb40672d682851a5c7fd84e5041c4d069b62076168d72591abb5fcc871bb039"},
    {file = "pyobjc_core-10.3.2-cp311-cp311-macosx_10_9_universal2.whl", hash = "sha256:cea5e77659619ad93c782ca07644b6efe7d7ec6f59e46128843a0a87c1af511a"},
    {file = "pyobjc_core-10.3.2-cp312-cp312-macosx_10_13_universal2.whl", hash = "sha256:16644a92fb9661de841ba6115e5354db06a1d193a5e239046e840013c7b3874d"},
    {file = "pyobjc_core-10.3.2-cp313-cp313-macosx_10_13_universal2.whl", hash = "sha256:76b8b911d94501dac89821df349b1860bb770dce102a1a293f524b5b09dd9462"},
    {file = "pyobjc_core-10.3.2-cp313-cp313t-macosx_10_13_universal2.whl", hash = "sha256:8c6288fdb210b64115760a4504efbc4daffdc390d309e9318eb0e3e3b78d2828"},
    {file = "pyobjc_core-10.3.2-cp38-cp38-macosx_10_9_x86_64.whl", hash = "sha256:87901e9f7032f33eb4fa884e407bf2744d5a0791b379bfca783982a02be3f7fb"},
    {file = "pyobjc_core-10.3.2-cp38-cp38-macosx_11_0_universal2.whl", hash = "sha256:636971ab48a4198ca129e149fe58ccf85a7b4a9b93d27f5ae920d88eb2655431"},
    {file = "pyobjc_core-10.3.2-cp39-cp39-macosx_10_9_universal2.whl", hash = "sha256:48e9ac3af42b2340dae709a8b894f5ef7e5132d8546adcd1797cffcc449dabdc"},
    {file = "pyobjc_core-10.3.2.tar.gz", hash = "sha256:dbf1475d864ce594288ce03e94e3a98dc7f0e4639971eb1e312bdf6661c21e0e"},
]

[[package]]
name = "pyobjc-framework-cocoa"
version = "10.3.2"
description = "Wrappers for the Cocoa frameworks on macOS"
optional = false
python-versions = ">=3.8"
groups = ["main"]
markers = "platform_system == \"Darwin\""
files = [
    {file = "pyobjc_framework_Cocoa-10.3.2-cp310-cp310-macosx_10_9_universal2.whl", hash = "sha256:61f44c2adab28fdf3aa3d593c9497a2d9ceb9583ed9814adb48828c385d83ff4"},
    {file = "pyobjc_framework_Cocoa-10.3.2-cp311-cp311-macosx_10_9_universal2.whl", hash = "sha256:7caaf8b260e81b27b7b787332846f644b9423bfc1536f6ec24edbde59ab77a87"},
    {file = "pyobjc_framework_Cocoa-10.3.2-cp312-cp312-macosx_10_13_universal2.whl", hash = "sha256:c49e99fc4b9e613fb308651b99d52a8a9ae9916c8ef27aa2f5d585b6678a59bf"},
    {file = "pyobjc_framework_Cocoa-10.3.2-cp313-cp313-macosx_10_13_universal2.whl", hash = "sha256:f1161b5713f9b9934c12649d73a6749617172e240f9431eff9e22175262fdfda"},
    {file = "pyobjc_framework_Cocoa-10.3.2-cp313-cp313t-macosx_10_13_universal2.whl", hash = "sha256:08e48b9ee4eb393447b2b781d16663b954bd10a26927df74f92e924c05568d89"},
    {file = "pyobjc_framework_Cocoa-10.3.2-cp38-cp38-macosx_10_9_x86_64.whl", hash = "sha256:7faa448d2038ae0e0287a326d390002e744bb6470e45995e2dbd16c892e4495a"},
    {file = "pyobjc_framework_Cocoa-10.3.2-cp38-cp38-macosx_11_0_universal2.whl", hash = "sha256:fcd53fee2be9708576617994b107aedc2c40824b648cd51e780e8399c0a447b6"},
    {file = "pyobjc_framework_Cocoa-10.3.2-cp39-cp39-macosx_10_9_universal2.whl", hash = "sha256:838fcf0d10674bde9ff64a3f20c0e188f2dc5e804476d80509b81c4ac1dabc59"},
    {file = "pyobjc_framework_cocoa-10.3.2.tar.gz", hash = "sha256:673968e5435845bef969bfe374f31a1a6dc660c98608d2b84d5cae6eafa5c39d"},
]

[package.dependencies]
pyobjc-core = ">=10.3.2"

[[package]]
name = "pyobjc-framework-corebluetooth"
version = "10.3.2"
description = "Wrappers for the framework CoreBluetooth on macOS"
optional = false
python-versions = ">=3.8"
groups = ["main"]
markers = "platform_system == \"Darwin\""
files = [
    {file = "pyobjc_framework_CoreBluetooth-10.3.2-cp313-cp313t-macosx_10_13_universal2.whl", hash = "sha256:af3e2f935a6a7e5b009b4cf63c64899592a7b46c3ddcbc8f2e28848842ef65f4"},
    {file = "pyobjc_framework_CoreBluetooth-10.3.2-cp36-abi3-macosx_10_13_universal2.whl", hash = "sha256:973b78f47c7e2209a475e60bcc7d1b4a87be6645d39b4e8290ee82640e1cc364"},
    {file = "pyobjc_framework_CoreBluetooth-10.3.2-cp36-abi3-macosx_10_9_universal2.whl", hash = "sha256:4bafdf1be15eae48a4878dbbf1bf19877ce28cbbba5baa0267a9564719ee736e"},
    {file = "pyobjc_framework_CoreBluetooth-10.3.2-cp36-abi3-macosx_10_9_x86_64.whl", hash = "sha256:4d7dc7494de66c850bda7b173579df7481dc97046fa229d480fe9bf90b2b9651"},
    {file = "pyobjc_framework_CoreBluetooth-10.3.2-cp36-abi3-macosx_11_0_universal2.whl", hash = "sha256:62e09e730f4d98384f1b6d44718812195602b3c82d5c78e09f60e8a934e7b266"},
    {file = "pyobjc_framework_corebluetooth-10.3.2.tar.gz", hash = "sha256:c0a077bc3a2466271efa382c1e024630bc43cc6f9ab8f3f97431ad08b1ad52bb"},
]

[package.dependencies]
pyobjc-core = ">=10.3.2"
pyobjc-framework-Cocoa = ">=10.3.2"

[[package]]
name = "pyobjc-framework-libdispatch"
version = "10.3.2"
description = "Wrappers for libdispatch on macOS"
optional = false
python-versions = ">=3.8"
groups = ["main"]
markers = "platform_system == \"Darwin\""
files = [
    {file = "pyobjc_framework_libdispatch-10.3.2-cp310-cp310-macosx_10_9_universal2.whl", hash = "sha256:35233a8b1135567c7696087f924e398799467c7f129200b559e8e4fa777af860"},
    {file = "pyobjc_framework_libdispatch-10.3.2-cp311-cp311-macosx_10_9_universal2.whl", hash = "sha256:061f6aa0f88d11d993e6546ec734303cb8979f40ae0f5cd23541236a6b426abd"},
    {file = "pyobjc_framework_libdispatch-10.3.2-cp312-cp312-macosx_10_13_universal2.whl", hash = "sha256:6bb528f34538f35e1b79d839dbfc398dd426990e190d9301fe2d811fddc3da62"},
    {file = "pyobjc_framework_libdispatch-10.3.2-cp313-cp313-macosx_10_13_universal2.whl", hash = "sha256:1357729d5fded08fbf746834ebeef27bee07d6acb991f3b8366e8f4319d882c4"},
    {file = "pyobjc_framework_libdispatch-10.3.2-cp313-cp313t-macosx_10_13_universal2.whl", hash = "sha256:210398f9e1815ceeff49b578bf51c2d6a4a30d4c33f573da322f3d7da1add121"},
    {file = "pyobjc_framework_libdispatch-10.3.2-cp38-cp38-macosx_10_9_x86_64.whl", hash = "sha256:e7ae5988ac0b369ad40ce5497af71864fac45c289fa52671009b427f03d6871f"},
    {file = "pyobjc_framework_libdispatch-10.3.2-cp38-cp38-macosx_11_0_universal2.whl", hash = "sha256:f9d51d52dff453a4b19c096171a6cd31dd5e665371c00c1d72d480e1c22cd3d4"},
    {file = "pyobjc_framework_libdispatch-10.3.2-cp39-cp39-macosx_10_9_universal2.whl", hash = "sha256:ef755bcabff2ea8db45603a8294818e0eeae85bf0b7b9d59e42f5947a26e33b9"},
    {file = "pyobjc_framework_libdispatch-10.3.2.tar.gz", hash = "sha256:e9f4311fbf8df602852557a98d2a64f37a9d363acf4d75634120251bbc7b7304"},
]

[package.dependencies]
pyobjc-core = ">=10.3.2"
pyobjc-framework-Cocoa = ">=10.3.2"

[[package]]
name = "rich"
version = "14.0.0"
description = "Render rich text, tables, progress bars, syntax highlighting, markdown and more to the terminal"
optional = false
python-versions = ">=3.8.0"
groups = ["main"]
files = [
    {file = "rich-14.0.0-py3-none-any.whl", hash = "sha256:1c9491e1951aac09caffd42f448ee3d04e58923ffe14993f6e83068dc395d7e0"},
    {file = "rich-14.0.0.tar.gz", hash = "sha256:82f1bc23a6a21ebca4ae0c45af9bdbc492ed20231dcb63f297d6d1021a9d5725"},
]

[package.dependencies]
markdown-it-py = ">=2.2.0"
pygments = ">=2.13.0,<3.0.0"

[package.extras]
jupyter = ["ipywidgets (>=7.5.1,<9)"]

[[package]]
name = "shellingham"
version = "1.5.4"
description = "Tool to Detect Surrounding Shell"
optional = false
python-versions = ">=3.7"
groups = ["main"]
files = [
    {file = "shellingham-1.5.4-py2.py3-none-any.whl", hash = "sha256:7ecfff8f2fd72616f7481040475a65b2bf8af90a56c89140852d1120324e8686"},
    {file = "shellingham-1.5.4.tar.gz", hash = "sha256:8dbca0739d487e5bd35ab3ca4b36e11c4078f3a234bfce294b0a0291363404de"},
]

[[package]]
name = "typer"
version = "0.15.2"
description = "Typer, build great CLIs. Easy to code. Based on Python type hints."
optional = false
python-versions = ">=3.7"
groups = ["main"]
files = [
    {file = "typer-0.15.2-py3-none-any.whl", hash = "sha256:46a499c6107d645a9c13f7ee46c5d5096cae6f5fc57dd11eccbbb9ae3e44ddfc"},
    {file = "typer-0.15.2.tar.gz", hash = "sha256:ab2fab47533a813c49fe1f16b1a370fd5819099c00b119e0633df65f22144ba5"},
]

[package.dependencies]
click = ">=8.0.0"
rich = ">=10.11.0"
shellingham = ">=1.3.0"
typing-extensions = ">=3.7.4.3"

[[package]]
name = "typing-extensions"
version = "4.13.1"
description = "Backported and Experimental Type Hints for Python 3.8+"
optional = false
python-versions = ">=3.8"
groups = ["main"]
files = [
    {file = "typing_extensions-4.13.1-py3-none-any.whl", hash = "sha256:4b6cf02909eb5495cfbc3f6e8fd49217e6cc7944e145cdda8caa3734777f9e69"},
    {file = "typing_extensions-4.13.1.tar.gz", hash = "sha256:98795af00fb9640edec5b8e31fc647597b4691f099ad75f469a2616be1a76dff"},
]

[[package]]
name = "winrt-runtime"
version = "2.3.0"
description = "Python projection of Windows Runtime (WinRT) APIs"
optional = false
python-versions = "<3.14,>=3.9"
groups = ["main"]
markers = "platform_system == \"Windows\""
files = [
    {file = "winrt_runtime-2.3.0-cp310-cp310-win32.whl", hash = "sha256:5c22ed339b420a6026134e28281b25078a9e6755eceb494dce5d42ee5814e3fd"},
    {file = "winrt_runtime-2.3.0-cp310-cp310-win_amd64.whl", hash = "sha256:f3ef0d6b281a8d4155ea14a0f917faf82a004d4996d07beb2b3d2af191503fb1"},
    {file = "winrt_runtime-2.3.0-cp310-cp310-win_arm64.whl", hash = "sha256:93ce23df52396ed89dfe659ee0e1a968928e526b9c577942d4a54ad55b333644"},
    {file = "winrt_runtime-2.3.0-cp311-cp311-win32.whl", hash = "sha256:352d70864846fd7ec89703845b82a35cef73f42d178a02a4635a38df5a61c0f8"},
    {file = "winrt_runtime-2.3.0-cp311-cp311-win_amd64.whl", hash = "sha256:286e6036af4903dd830398103c3edd110a46432347e8a52ba416d937c0e1f5f9"},
    {file = "winrt_runtime-2.3.0-cp311-cp311-win_arm64.whl", hash = "sha256:44d0f0f48f2f10c02b885989e8bbac41d7bf9c03550b20ddf562100356fca7a9"},
    {file = "winrt_runtime-2.3.0-cp312-cp312-win32.whl", hash = "sha256:03d3e4aedc65832e57c0dbf210ec2a9d7fb2819c74d420ba889b323e9fa5cf28"},
    {file = "winrt_runtime-2.3.0-cp312-cp312-win_amd64.whl", hash = "sha256:0dc636aec2f4ee6c3849fa59dae10c128f4a908f0ce452e91af65d812ea66dcb"},
    {file = "winrt_runtime-2.3.0-cp312-cp312-win_arm64.whl", hash = "sha256:d9f140c71e4f3bf7bf7d6853b246eab2e1632c72f218ff163aa41a74b576736f"},
    {file = "winrt_runtime-2.3.0-cp313-cp313-win32.whl", hash = "sha256:77f06df6b7a6cb536913ae455e30c1733d31d88dafe2c3cd8c3d0e2bcf7e2a20"},
    {file = "winrt_runtime-2.3.0-cp313-cp313-win_amd64.whl", hash = "sha256:7388774b74ea2f4510ab3a98c95af296665ebe69d9d7e2fd7ee2c3fc5856099e"},
    {file = "winrt_runtime-2.3.0-cp313-cp313-win_arm64.whl", hash = "sha256:0d3a4ac7661cad492d51653054e63328b940a6083c1ee1dd977f90069cb8afaa"},
    {file = "winrt_runtime-2.3.0-cp39-cp39-win32.whl", hash = "sha256:cd7bce2c7703054e7f64d11be665e9728e15d9dae0d952a51228fe830e0c4b55"},
    {file = "winrt_runtime-2.3.0-cp39-cp39-win_amd64.whl", hash = "sha256:2da01af378ab9374a3a933da97543f471a676a3b844318316869bffeff811e8a"},
    {file = "winrt_runtime-2.3.0-cp39-cp39-win_arm64.whl", hash = "sha256:1c6bbfcc7cbe1c8159ed5d776b30b7f1cbc2c6990803292823b0788c22d75636"},
    {file = "winrt_runtime-2.3.0.tar.gz", hash = "sha256:bb895a2b8c74b375781302215e2661914369c625aa1f8df84f8d37691b22db77"},
]

[[package]]
name = "winrt-windows-devices-bluetooth"
version = "2.3.0"
description = "Python projection of Windows Runtime (WinRT) APIs"
optional = false
python-versions = "<3.14,>=3.9"
groups = ["main"]
markers = "platform_system == \"Windows\""
files = [
    {file = "winrt_Windows.Devices.Bluetooth-2.3.0-cp310-cp310-win32.whl", hash = "sha256:554aa6d0ca4bebc22a45f19fa60db1183a2b5643468f3c95cf0ebc33fbc1b0d0"},
    {file = "winrt_Windows.Devices.Bluetooth-2.3.0-cp310-cp310-win_amd64.whl", hash = "sha256:cec2682e10431f027c1823647772671fb09bebc1e8a00021a3651120b846d36f"},
    {file = "winrt_Windows.Devices.Bluetooth-2.3.0-cp310-cp310-win_arm64.whl", hash = "sha256:b4d42faef99845de2aded4c75c906f03cc3ba3df51fb4435e4cc88a19168cf99"},
    {file = "winrt_Windows.Devices.Bluetooth-2.3.0-cp311-cp311-win32.whl", hash = "sha256:64e0992175d4d5a1160179a8c586c2202a0edbd47a5b6da4efdbc8bb601f2f99"},
    {file = "winrt_Windows.Devices.Bluetooth-2.3.0-cp311-cp311-win_amd64.whl", hash = "sha256:0830111c077508b599062fbe2d817203e4efa3605bd209cf4a3e03388ec39dda"},
    {file = "winrt_Windows.Devices.Bluetooth-2.3.0-cp311-cp311-win_arm64.whl", hash = "sha256:3943d538cb7b6bde3fd8741591eb6e23487ee9ee6284f05428b205e7d10b6d92"},
    {file = "winrt_Windows.Devices.Bluetooth-2.3.0-cp312-cp312-win32.whl", hash = "sha256:544ed169039e6d5e250323cc18c87967cfeb4d3d09ce354fd7c5fd2283f3bb98"},
    {file = "winrt_Windows.Devices.Bluetooth-2.3.0-cp312-cp312-win_amd64.whl", hash = "sha256:f7becf095bf9bc999629fcb6401a88b879c3531b3c55c820e63259c955ddc06c"},
    {file = "winrt_Windows.Devices.Bluetooth-2.3.0-cp312-cp312-win_arm64.whl", hash = "sha256:a6a2980409c855b4e5dab0be9bde9f30236292ac1fc994df959fa5a518cd6690"},
    {file = "winrt_Windows.Devices.Bluetooth-2.3.0-cp313-cp313-win32.whl", hash = "sha256:82f443be43379d4762e72633047c82843c873b6f26428a18855ca7b53e1958d7"},
    {file = "winrt_Windows.Devices.Bluetooth-2.3.0-cp313-cp313-win_amd64.whl", hash = "sha256:8b407da87ab52315c2d562a75d824dcafcae6e1628031cdb971072a47eb78ff0"},
    {file = "winrt_Windows.Devices.Bluetooth-2.3.0-cp313-cp313-win_arm64.whl", hash = "sha256:e36d0b487bc5b64662b8470085edf8bfa5a220d7afc4f2e8d7faa3e3ac2bae80"},
    {file = "winrt_Windows.Devices.Bluetooth-2.3.0-cp39-cp39-win32.whl", hash = "sha256:6553023433edf5a75767e8962bf492d0623036975c7d8373d5bbccc633a77bbc"},
    {file = "winrt_Windows.Devices.Bluetooth-2.3.0-cp39-cp39-win_amd64.whl", hash = "sha256:77bdeadb043190c40ebbad462cd06e38b6461bc976bc67daf587e9395c387aae"},
    {file = "winrt_Windows.Devices.Bluetooth-2.3.0-cp39-cp39-win_arm64.whl", hash = "sha256:c588ab79b534fedecce48f7082b419315e8d797d0120556166492e603e90d932"},
    {file = "winrt_windows_devices_bluetooth-2.3.0.tar.gz", hash = "sha256:a1204b71c369a0399ec15d9a7b7c67990dd74504e486b839bf81825bd381a837"},
]

[package.dependencies]
winrt-runtime = "2.3.0"

[package.extras]
all = ["winrt-Windows.Devices.Bluetooth.GenericAttributeProfile[all] (==2.3.0)", "winrt-Windows.Devices.Bluetooth.Rfcomm[all] (==2.3.0)", "winrt-Windows.Devices.Enumeration[all] (==2.3.0)", "winrt-Windows.Devices.Radios[all] (==2.3.0)", "winrt-Windows.Foundation.Collections[all] (==2.3.0)", "winrt-Windows.Foundation[all] (==2.3.0)", "winrt-Windows.Networking[all] (==2.3.0)", "winrt-Windows.Storage.Streams[all] (==2.3.0)"]

[[package]]
name = "winrt-windows-devices-bluetooth-advertisement"
version = "2.3.0"
description = "Python projection of Windows Runtime (WinRT) APIs"
optional = false
python-versions = "<3.14,>=3.9"
groups = ["main"]
markers = "platform_system == \"Windows\""
files = [
    {file = "winrt_Windows.Devices.Bluetooth.Advertisement-2.3.0-cp310-cp310-win32.whl", hash = "sha256:4386498e7794ed383542ea868f0aa2dd8fb5f09f12bdffde024d12bd9f5a3756"},
    {file = "winrt_Windows.Devices.Bluetooth.Advertisement-2.3.0-cp310-cp310-win_amd64.whl", hash = "sha256:d6fa25b2541d2898ae17982e86e0977a639b04f75119612cb46e1719474513fd"},
    {file = "winrt_Windows.Devices.Bluetooth.Advertisement-2.3.0-cp310-cp310-win_arm64.whl", hash = "sha256:b200ff5acd181353f61f5b6446176faf78a61867d8c1d21e77a15e239d2cdf6b"},
    {file = "winrt_Windows.Devices.Bluetooth.Advertisement-2.3.0-cp311-cp311-win32.whl", hash = "sha256:e56ad277813b48e35a3074f286c55a7a25884676e23ef9c3fc12349a42cb8fa4"},
    {file = "winrt_Windows.Devices.Bluetooth.Advertisement-2.3.0-cp311-cp311-win_amd64.whl", hash = "sha256:d6533fef6a5914dc8d519b83b1841becf6fd2f37163d6e07df318a6a6118f194"},
    {file = "winrt_Windows.Devices.Bluetooth.Advertisement-2.3.0-cp311-cp311-win_arm64.whl", hash = "sha256:8f4369cb0108f8ee0cace559f9870b00a4dde3fc1abd52f84adba08bc733825c"},
    {file = "winrt_Windows.Devices.Bluetooth.Advertisement-2.3.0-cp312-cp312-win32.whl", hash = "sha256:d729d989acd7c1d703e2088299b6e219089a415db4a7b80cd52fdc507ec3ce95"},
    {file = "winrt_Windows.Devices.Bluetooth.Advertisement-2.3.0-cp312-cp312-win_amd64.whl", hash = "sha256:1d3d258d4388a2b46f2e46f2fbdede1bf327eaa9c2dd4605f8a7fe454077c49e"},
    {file = "winrt_Windows.Devices.Bluetooth.Advertisement-2.3.0-cp312-cp312-win_arm64.whl", hash = "sha256:d8c12457b00a79f8f1058d7a51bd8e7f177fb66e31389469e75b1104f6358921"},
    {file = "winrt_Windows.Devices.Bluetooth.Advertisement-2.3.0-cp313-cp313-win32.whl", hash = "sha256:ac1e55a350881f82cb51e162cb7a4b5d9359e9e5fbde922de802404a951d64ec"},
    {file = "winrt_Windows.Devices.Bluetooth.Advertisement-2.3.0-cp313-cp313-win_amd64.whl", hash = "sha256:0fc339340fb8be21c1c829816a49dc31b986c6d602d113d4a49ee8ffaf0e2396"},
    {file = "winrt_Windows.Devices.Bluetooth.Advertisement-2.3.0-cp313-cp313-win_arm64.whl", hash = "sha256:da63d9c56edcb3b2d5135e65cc8c9c4658344dd480a8a2daf45beb2106f17874"},
    {file = "winrt_Windows.Devices.Bluetooth.Advertisement-2.3.0-cp39-cp39-win32.whl", hash = "sha256:e98c6ae4b0afd3e4f3ab4fa06e84d6017ff9242146a64e3bad73f7f34183a076"},
    {file = "winrt_Windows.Devices.Bluetooth.Advertisement-2.3.0-cp39-cp39-win_amd64.whl", hash = "sha256:cdc485f4143fbbb3ae0c9c9ad03b1021a5cb233c6df65bf56ac14f8e22c918c3"},
    {file = "winrt_Windows.Devices.Bluetooth.Advertisement-2.3.0-cp39-cp39-win_arm64.whl", hash = "sha256:7af519cc895be84d6974e9f70d102545a5e8db05e065903b0fd84521218e60a9"},
    {file = "winrt_windows_devices_bluetooth_advertisement-2.3.0.tar.gz", hash = "sha256:c8adbec690b765ca70337c35efec9910b0937a40a0a242184ea295367137f81c"},
]

[package.dependencies]
winrt-runtime = "2.3.0"

[package.extras]
all = ["winrt-Windows.Devices.Bluetooth[all] (==2.3.0)", "winrt-Windows.Foundation.Collections[all] (==2.3.0)", "winrt-Windows.Foundation[all] (==2.3.0)", "winrt-Windows.Storage.Streams[all] (==2.3.0)"]

[[package]]
name = "winrt-windows-devices-bluetooth-genericattributeprofile"
version = "2.3.0"
description = "Python projection of Windows Runtime (WinRT) APIs"
optional = false
python-versions = "<3.14,>=3.9"
groups = ["main"]
markers = "platform_system == \"Windows\""
files = [
    {file = "winrt_Windows.Devices.Bluetooth.GenericAttributeProfile-2.3.0-cp310-cp310-win32.whl", hash = "sha256:1ec75b107370827874d8435a47852d0459cb66d5694e02a833e0a75c4748e847"},
    {file = "winrt_Windows.Devices.Bluetooth.GenericAttributeProfile-2.3.0-cp310-cp310-win_amd64.whl", hash = "sha256:0a178aa936abbc56ae1cc54a222dee4a34ce6c09506a5b592d4f7d04dbe76b95"},
    {file = "winrt_Windows.Devices.Bluetooth.GenericAttributeProfile-2.3.0-cp310-cp310-win_arm64.whl", hash = "sha256:b7067b8578e19ad17b28694090d5b000fee57db5b219462155961b685d71fba5"},
    {file = "winrt_Windows.Devices.Bluetooth.GenericAttributeProfile-2.3.0-cp311-cp311-win32.whl", hash = "sha256:e0aeba201e20b6c4bc18a4336b5b07d653d4ab4c9c17a301613db680a346cd5e"},
    {file = "winrt_Windows.Devices.Bluetooth.GenericAttributeProfile-2.3.0-cp311-cp311-win_amd64.whl", hash = "sha256:f87b3995de18b98075ec2b02afc7252873fa75e7c840eb770d7bfafb4fda5c12"},
    {file = "winrt_Windows.Devices.Bluetooth.GenericAttributeProfile-2.3.0-cp311-cp311-win_arm64.whl", hash = "sha256:7dccce04ec076666001efca8e2484d0ec444b2302ae150ef184aa253b8cfba09"},
    {file = "winrt_Windows.Devices.Bluetooth.GenericAttributeProfile-2.3.0-cp312-cp312-win32.whl", hash = "sha256:1b97ef2ab9c9f5bae984989a47565d0d19c84969d74982a2664a4a3485cb8274"},
    {file = "winrt_Windows.Devices.Bluetooth.GenericAttributeProfile-2.3.0-cp312-cp312-win_amd64.whl", hash = "sha256:5fac2c7b301fa70e105785d7504176c76e4d824fc3823afed4d1ab6a7682272c"},
    {file = "winrt_Windows.Devices.Bluetooth.GenericAttributeProfile-2.3.0-cp312-cp312-win_arm64.whl", hash = "sha256:353fdccf2398b2a12e0835834cff8143a7efd9ba877fb5820fdcce531732b500"},
    {file = "winrt_Windows.Devices.Bluetooth.GenericAttributeProfile-2.3.0-cp313-cp313-win32.whl", hash = "sha256:f414f793767ccc56d055b1c74830efb51fa4cbdc9163847b1a38b1ee35778f49"},
    {file = "winrt_Windows.Devices.Bluetooth.GenericAttributeProfile-2.3.0-cp313-cp313-win_amd64.whl", hash = "sha256:8ef35d9cda5bbdcc55aa7eaf143ab873227d6ee467aaf28edbd2428f229e7c94"},
    {file = "winrt_Windows.Devices.Bluetooth.GenericAttributeProfile-2.3.0-cp313-cp313-win_arm64.whl", hash = "sha256:6a9e7308ba264175c2a9ee31f6cf1d647cb35ee9a1da7350793d8fe033a6b9b8"},
    {file = "winrt_Windows.Devices.Bluetooth.GenericAttributeProfile-2.3.0-cp39-cp39-win32.whl", hash = "sha256:aea58f7e484cf3480ab9472a3e99b61c157b8a47baae8694bc7400ea5335f5dc"},
    {file = "winrt_Windows.Devices.Bluetooth.GenericAttributeProfile-2.3.0-cp39-cp39-win_amd64.whl", hash = "sha256:992b792a9e7f5771ccdc18eec4e526a11f23b75d9be5de3ec552ff719333897a"},
    {file = "winrt_Windows.Devices.Bluetooth.GenericAttributeProfile-2.3.0-cp39-cp39-win_arm64.whl", hash = "sha256:66b030a9cc6099dafe4253239e8e625cc063bb9bb115bebed6260d92dd86f6b1"},
    {file = "winrt_windows_devices_bluetooth_genericattributeprofile-2.3.0.tar.gz", hash = "sha256:f40f94bf2f7243848dc10e39cfde76c9044727a05e7e5dfb8cb7f062f3fd3dda"},
]

[package.dependencies]
winrt-runtime = "2.3.0"

[package.extras]
all = ["winrt-Windows.Devices.Bluetooth[all] (==2.3.0)", "winrt-Windows.Devices.Enumeration[all] (==2.3.0)", "winrt-Windows.Foundation.Collections[all] (==2.3.0)", "winrt-Windows.Foundation[all] (==2.3.0)", "winrt-Windows.Storage.Streams[all] (==2.3.0)"]

[[package]]
name = "winrt-windows-devices-enumeration"
version = "2.3.0"
description = "Python projection of Windows Runtime (WinRT) APIs"
optional = false
python-versions = "<3.14,>=3.9"
groups = ["main"]
markers = "platform_system == \"Windows\""
files = [
    {file = "winrt_Windows.Devices.Enumeration-2.3.0-cp310-cp310-win32.whl", hash = "sha256:461360ab47967f39721e71276fdcfe87ad2f71ba7b09d721f2f88bcdf16a6924"},
    {file = "winrt_Windows.Devices.Enumeration-2.3.0-cp310-cp310-win_amd64.whl", hash = "sha256:a7d7b01d43d5dcc1f3846db12f4c552155efae75469f36052623faed7f0f74a8"},
    {file = "winrt_Windows.Devices.Enumeration-2.3.0-cp310-cp310-win_arm64.whl", hash = "sha256:6478fbe6f45172a9911c15b061ec9b0f30c9f4845ba3fd1e9e1bb78c1fb691c4"},
    {file = "winrt_Windows.Devices.Enumeration-2.3.0-cp311-cp311-win32.whl", hash = "sha256:30be5cba8e9e81ea8dd514ba1300b5bb14ad7cc4e32efe908ddddd14c73e7f61"},
    {file = "winrt_Windows.Devices.Enumeration-2.3.0-cp311-cp311-win_amd64.whl", hash = "sha256:86c2a1865e0a0146dd4f51f17e3d773d3e6732742f61838c05061f28738c6dbd"},
    {file = "winrt_Windows.Devices.Enumeration-2.3.0-cp311-cp311-win_arm64.whl", hash = "sha256:1b50d9304e49a9f04bc8139831b75be968ff19a1f50529d5eb0081dae2103d92"},
    {file = "winrt_Windows.Devices.Enumeration-2.3.0-cp312-cp312-win32.whl", hash = "sha256:42ed0349f0290a1b0a101425a06196c5d5db1240db6f8bd7d2204f23c48d727b"},
    {file = "winrt_Windows.Devices.Enumeration-2.3.0-cp312-cp312-win_amd64.whl", hash = "sha256:83e385fbf85b9511699d33c659673611f42b98bd3a554a85b377a34cc3b68b2e"},
    {file = "winrt_Windows.Devices.Enumeration-2.3.0-cp312-cp312-win_arm64.whl", hash = "sha256:26f855caee61c12449c6b07e22ea1ad470f8daa24223d8581e1fe622c70b48a8"},
    {file = "winrt_Windows.Devices.Enumeration-2.3.0-cp313-cp313-win32.whl", hash = "sha256:a5f2cff6ee584e5627a2246bdbcd1b3a3fd1e7ae0741f62c59f7d5a5650d5791"},
    {file = "winrt_Windows.Devices.Enumeration-2.3.0-cp313-cp313-win_amd64.whl", hash = "sha256:7516171521aa383ccdc8f422cc202979a2359d0d1256f22852bfb0b55d9154f0"},
    {file = "winrt_Windows.Devices.Enumeration-2.3.0-cp313-cp313-win_arm64.whl", hash = "sha256:80d01dfffe4b548439242f3f7a737189354768b203cca023dc29b267dfe5595a"},
    {file = "winrt_Windows.Devices.Enumeration-2.3.0-cp39-cp39-win32.whl", hash = "sha256:990a375cd8edc2d30b939a49dcc1349ede3a4b8e4da78baf0de5e5711d3a4f00"},
    {file = "winrt_Windows.Devices.Enumeration-2.3.0-cp39-cp39-win_amd64.whl", hash = "sha256:2e7bedf0eac2066d7d37b1d34071b95bb57024e9e083867be1d24e916e012ac0"},
    {file = "winrt_Windows.Devices.Enumeration-2.3.0-cp39-cp39-win_arm64.whl", hash = "sha256:c53b673b80ba794f1c1320a5e0a14d795193c3f64b8132ebafba2f49c7301c2f"},
    {file = "winrt_windows_devices_enumeration-2.3.0.tar.gz", hash = "sha256:a14078aac41432781acb0c950fcdcdeb096e2f80f7591a3d46435f30221fc3eb"},
]

[package.dependencies]
winrt-runtime = "2.3.0"

[package.extras]
all = ["winrt-Windows.ApplicationModel.Background[all] (==2.3.0)", "winrt-Windows.Foundation.Collections[all] (==2.3.0)", "winrt-Windows.Foundation[all] (==2.3.0)", "winrt-Windows.Security.Credentials[all] (==2.3.0)", "winrt-Windows.Storage.Streams[all] (==2.3.0)", "winrt-Windows.UI.Popups[all] (==2.3.0)", "winrt-Windows.UI[all] (==2.3.0)"]

[[package]]
name = "winrt-windows-foundation"
version = "2.3.0"
description = "Python projection of Windows Runtime (WinRT) APIs"
optional = false
python-versions = "<3.14,>=3.9"
groups = ["main"]
markers = "platform_system == \"Windows\""
files = [
    {file = "winrt_Windows.Foundation-2.3.0-cp310-cp310-win32.whl", hash = "sha256:ea7b0e82be5c05690fedaf0dac5aa5e5fefd7ebf90b1497e5993197d305d916d"},
    {file = "winrt_Windows.Foundation-2.3.0-cp310-cp310-win_amd64.whl", hash = "sha256:6807dd40f8ecd6403679f6eae0db81674fdcf33768d08fdee66e0a17b7a02515"},
    {file = "winrt_Windows.Foundation-2.3.0-cp310-cp310-win_arm64.whl", hash = "sha256:0a861815e97ace82583210c03cf800507b0c3a97edd914bfffa5f88de1fbafcc"},
    {file = "winrt_Windows.Foundation-2.3.0-cp311-cp311-win32.whl", hash = "sha256:c79b3d9384128b6b28c2483b4600f15c5d32c1f6646f9d77fdb3ee9bbaef6f81"},
    {file = "winrt_Windows.Foundation-2.3.0-cp311-cp311-win_amd64.whl", hash = "sha256:fdd9c4914070dc598f5961d9c7571dd7d745f5cc60347603bf39d6ee921bd85c"},
    {file = "winrt_Windows.Foundation-2.3.0-cp311-cp311-win_arm64.whl", hash = "sha256:62bbb0ffa273551d33fd533d6e09b6f9f633dc214225d483722af47d2525fb84"},
    {file = "winrt_Windows.Foundation-2.3.0-cp312-cp312-win32.whl", hash = "sha256:d36f472ac258e79eee6061e1bb4ce50bfd200f9271392d23479c800ca6aee8d1"},
    {file = "winrt_Windows.Foundation-2.3.0-cp312-cp312-win_amd64.whl", hash = "sha256:8de9b5e95a3fdabdb45b1952e05355dd5a678f80bf09a54d9f966dccc805b383"},
    {file = "winrt_Windows.Foundation-2.3.0-cp312-cp312-win_arm64.whl", hash = "sha256:37da09c08c9c772baedb1958e5ee116fe63809f33c6820c69750f340b3dda292"},
    {file = "winrt_Windows.Foundation-2.3.0-cp313-cp313-win32.whl", hash = "sha256:2b00fad3f2a3859ccae41eee12ab44434813a371c2f3003b4f2419e5eecb4832"},
    {file = "winrt_Windows.Foundation-2.3.0-cp313-cp313-win_amd64.whl", hash = "sha256:686619932b2a2c689cbebc7f5196437a45fd2056656ef130bb10240bb111086a"},
    {file = "winrt_Windows.Foundation-2.3.0-cp313-cp313-win_arm64.whl", hash = "sha256:b38dcb83fe82a7da9a57d7d5ad5deb09503b5be6d9357a9fd3016ca31673805d"},
    {file = "winrt_Windows.Foundation-2.3.0-cp39-cp39-win32.whl", hash = "sha256:2d6922de4dc38061b86d314c7319d7c6bd78a52d64ee0c93eb81474bddb499bc"},
    {file = "winrt_Windows.Foundation-2.3.0-cp39-cp39-win_amd64.whl", hash = "sha256:1513e43adff3779d2f611d8bdf9350ac1a7c04389e9e6b1d777c5cd54f46e4fc"},
    {file = "winrt_Windows.Foundation-2.3.0-cp39-cp39-win_arm64.whl", hash = "sha256:c811e4a4f79b947fbbb50f74d34ef6840dd2dd26e0199bd61a4185e48c6a84a8"},
    {file = "winrt_windows_foundation-2.3.0.tar.gz", hash = "sha256:c5766f011c8debbe89b460af4a97d026ca252144e62d7278c9c79c5581ea0c02"},
]

[package.dependencies]
winrt-runtime = "2.3.0"

[package.extras]
all = ["winrt-Windows.Foundation.Collections[all] (==2.3.0)"]

[[package]]
name = "winrt-windows-foundation-collections"
version = "2.3.0"
description = "Python projection of Windows Runtime (WinRT) APIs"
optional = false
python-versions = "<3.14,>=3.9"
groups = ["main"]
markers = "platform_system == \"Windows\""
files = [
    {file = "winrt_Windows.Foundation.Collections-2.3.0-cp310-cp310-win32.whl", hash = "sha256:d2fca59eef9582a33c2797b1fda1d5757d66827cc34e6fc1d1c94a5875c4c043"},
    {file = "winrt_Windows.Foundation.Collections-2.3.0-cp310-cp310-win_amd64.whl", hash = "sha256:d14b47d9137aebad71aa4fde5892673f2fa326f5f4799378cb9f6158b07a9824"},
    {file = "winrt_Windows.Foundation.Collections-2.3.0-cp310-cp310-win_arm64.whl", hash = "sha256:cca5398a4522dffd76decf64a28368cda67e81dc01cad35a9f39cc351af69bdd"},
    {file = "winrt_Windows.Foundation.Collections-2.3.0-cp311-cp311-win32.whl", hash = "sha256:3808af64c95a9b464e8e97f6bec57a8b22168185f1c893f30de69aaf48c85b17"},
    {file = "winrt_Windows.Foundation.Collections-2.3.0-cp311-cp311-win_amd64.whl", hash = "sha256:1e9a3842a39feb965545124abfe79ed726adc5a1fc6a192470a3c5d3ec3f7a74"},
    {file = "winrt_Windows.Foundation.Collections-2.3.0-cp311-cp311-win_arm64.whl", hash = "sha256:751c2a68fef080dfe0af892ef4cebf317844e4baa786e979028757fe2740fba4"},
    {file = "winrt_Windows.Foundation.Collections-2.3.0-cp312-cp312-win32.whl", hash = "sha256:498c1fc403d3dc7a091aaac92af471615de4f9550d544347cb3b169c197183b5"},
    {file = "winrt_Windows.Foundation.Collections-2.3.0-cp312-cp312-win_amd64.whl", hash = "sha256:4d1b1cacc159f38d8e6b662f6e7a5c41879a36aa7434c1580d7f948c9037419e"},
    {file = "winrt_Windows.Foundation.Collections-2.3.0-cp312-cp312-win_arm64.whl", hash = "sha256:398d93b76a2cf70d5e75c1f802e1dd856501e63bc9a31f4510ac59f718951b9e"},
    {file = "winrt_Windows.Foundation.Collections-2.3.0-cp313-cp313-win32.whl", hash = "sha256:1e5f1637e0919c7bb5b11ba1eebbd43bc0ad9600cf887b59fcece0f8a6c0eac3"},
    {file = "winrt_Windows.Foundation.Collections-2.3.0-cp313-cp313-win_amd64.whl", hash = "sha256:c809a70bc0f93d53c7289a0a86d8869740e09fff0c57318a14401f5c17e0b912"},
    {file = "winrt_Windows.Foundation.Collections-2.3.0-cp313-cp313-win_arm64.whl", hash = "sha256:269942fe86af06293a2676c8b2dcd5cb1d8ddfe1b5244f11c16e48ae0a5d100f"},
    {file = "winrt_Windows.Foundation.Collections-2.3.0-cp39-cp39-win32.whl", hash = "sha256:936b1c5720b564ec699673198addee97f3bdb790622d24c8fd1b346a9767717c"},
    {file = "winrt_Windows.Foundation.Collections-2.3.0-cp39-cp39-win_amd64.whl", hash = "sha256:905a6ac9cd6b51659a9bba08cf44cfc925f528ef34cdd9c3a6c2632e97804a96"},
    {file = "winrt_Windows.Foundation.Collections-2.3.0-cp39-cp39-win_arm64.whl", hash = "sha256:1d6eac85976bd831e1b8cc479d7f14afa51c27cec5a38e2540077d3400cbd3ef"},
    {file = "winrt_windows_foundation_collections-2.3.0.tar.gz", hash = "sha256:15c997fd6b64ef0400a619319ea3c6851c9c24e31d51b6448ba9bac3616d25a0"},
]

[package.dependencies]
winrt-runtime = "2.3.0"

[package.extras]
all = ["winrt-Windows.Foundation[all] (==2.3.0)"]

[[package]]
name = "winrt-windows-storage-streams"
version = "2.3.0"
description = "Python projection of Windows Runtime (WinRT) APIs"
optional = false
python-versions = "<3.14,>=3.9"
groups = ["main"]
markers = "platform_system == \"Windows\""
files = [
    {file = "winrt_Windows.Storage.Streams-2.3.0-cp310-cp310-win32.whl", hash = "sha256:2c0901aee1232e92ed9320644b853d7801a0bdb87790164d56e961cd39910f07"},
    {file = "winrt_Windows.Storage.Streams-2.3.0-cp310-cp310-win_amd64.whl", hash = "sha256:ba07dc25decffd29aa8603119629c167bd03fa274099e3bad331a4920c292b78"},
    {file = "winrt_Windows.Storage.Streams-2.3.0-cp310-cp310-win_arm64.whl", hash = "sha256:5b60b48460095c50a00a6f7f9b3b780f5bdcb1ec663fc09458201499f93e23ea"},
    {file = "winrt_Windows.Storage.Streams-2.3.0-cp311-cp311-win32.whl", hash = "sha256:8388f37759df64ceef1423ae7dd9275c8a6eb3b8245d400173b4916adc94b5ad"},
    {file = "winrt_Windows.Storage.Streams-2.3.0-cp311-cp311-win_amd64.whl", hash = "sha256:e5783dbe3694cc3deda594256ebb1088655386959bb834a6bfb7cd763ee87631"},
    {file = "winrt_Windows.Storage.Streams-2.3.0-cp311-cp311-win_arm64.whl", hash = "sha256:0a487d19c73b82aafa3d5ef889bb35e6e8e2487ca4f16f5446f2445033d5219c"},
    {file = "winrt_Windows.Storage.Streams-2.3.0-cp312-cp312-win32.whl", hash = "sha256:272e87e6c74cb2832261ab33db7966a99e7a2400240cc4f8bf526a80ca054c68"},
    {file = "winrt_Windows.Storage.Streams-2.3.0-cp312-cp312-win_amd64.whl", hash = "sha256:997bf1a2d52c5f104b172947e571f27d9916a4409b4da592ec3e7f907848dd1a"},
    {file = "winrt_Windows.Storage.Streams-2.3.0-cp312-cp312-win_arm64.whl", hash = "sha256:d56daa00205c24ede6669d41eb70d6017e0202371d99f8ee2b0b31350ab59bd5"},
    {file = "winrt_Windows.Storage.Streams-2.3.0-cp313-cp313-win32.whl", hash = "sha256:7ac4e46fc5e21d8badc5d41779273c3f5e7196f1cf2df1959b6b70eca1d5d85f"},
    {file = "winrt_Windows.Storage.Streams-2.3.0-cp313-cp313-win_amd64.whl", hash = "sha256:1460027c94c107fcee484997494f3a400f08ee40396f010facb0e72b3b74c457"},
    {file = "winrt_Windows.Storage.Streams-2.3.0-cp313-cp313-win_arm64.whl", hash = "sha256:e4553a70f5264a7733596802a2991e2414cdcd5e396b9d11ee87be9abae9329e"},
    {file = "winrt_Windows.Storage.Streams-2.3.0-cp39-cp39-win32.whl", hash = "sha256:28e1117e23046e499831af16d11f5e61e6066ed6247ef58b93738702522c29b0"},
    {file = "winrt_Windows.Storage.Streams-2.3.0-cp39-cp39-win_amd64.whl", hash = "sha256:5511dc578f92eb303aee4d3345ee4ffc88aa414564e43e0e3d84ff29427068f0"},
    {file = "winrt_Windows.Storage.Streams-2.3.0-cp39-cp39-win_arm64.whl", hash = "sha256:6f5b3f8af4df08f5bf9329373949236ffaef22d021070278795e56da5326a876"},
    {file = "winrt_windows_storage_streams-2.3.0.tar.gz", hash = "sha256:d2c010beeb1dd7c135ed67ecfaea13440474a7c469e2e9aa2852db27d2063d44"},
]

[package.dependencies]
winrt-runtime = "2.3.0"

[package.extras]
all = ["winrt-Windows.Foundation.Collections[all] (==2.3.0)", "winrt-Windows.Foundation[all] (==2.3.0)", "winrt-Windows.Storage[all] (==2.3.0)", "winrt-Windows.System[all] (==2.3.0)"]

[metadata]
lock-version = "2.1"
python-versions = ">=3.13,<3.14"
content-hash = "f29677b557c754b6d3e27798cc8846f12e14cee00e1249797caea4b0fe65fa69"
